
Microsoft Visual Studio Solution File, Format Version 12.00
# Visual Studio Version 16
VisualStudioVersion = 16.0.31205.134
MinimumVisualStudioVersion = 10.0.40219.1
Project("{FAE04EC0-301F-11D3-BF4B-00C04F79EFBC}") = "Problema3.2", "Problema3.2\Problema3.2.csproj", "{0BD34EEF-5370-409B-A221-215B26345EAB}"
EndProject
Global
	GlobalSection(SolutionConfigurationPlatforms) = preSolution
		Debug|Any CPU = Debug|Any CPU
		Release|Any CPU = Release|Any CPU
	EndGlobalSection
	GlobalSection(ProjectConfigurationPlatforms) = postSolution
		{0BD34EEF-5370-409B-A221-215B26345EAB}.Debug|Any CPU.ActiveCfg = Debug|Any CPU
		{0BD34EEF-5370-409B-A221-215B26345EAB}.Debug|Any CPU.Build.0 = Debug|Any CPU
		{0BD34EEF-5370-409B-A221-215B26345EAB}.Release|Any CPU.ActiveCfg = Release|Any CPU
		{0BD34EEF-5370-409B-A221-215B26345EAB}.Release|Any CPU.Build.0 = Release|Any CPU
	EndGlobalSection
	GlobalSection(SolutionProperties) = preSolution
		HideSolutionNode = FALSE
	EndGlobalSection
	GlobalSection(ExtensibilityGlobals) = postSolution
		SolutionGuid = {1E0AA5E0-1D16-4C01-B2CD-C0BAF1FAF99A}
	EndGlobalSection
EndGlobal
